PODS:
  - SHFastEnumerationProtocols (1.3.0)
  - SHKeyValueObserverBlocks (1.1.0)
  - SHTestCaseAdditions (1.2.1)

DEPENDENCIES:
  - SHFastEnumerationProtocols
  - SHKeyValueObserverBlocks
  - SHTestCaseAdditions (from `../`)

EXTERNAL SOURCES:
  SHTestCaseAdditions:
    :path: ../

SPEC CHECKSUMS:
  SHFastEnumerationProtocols: b83587ae41c1990851bcd675da01636a1b2addc8
  SHKeyValueObserverBlocks: 27efd0381eb1e96ae9e41a30e50b6200323b8d5d
  SHTestCaseAdditions: 0db8321846d0240ca90ab497c10b6800e5954f7e

COCOAPODS: 0.25.0
