PODS:
  - SHFastEnumerationProtocols (1.3.0)
  - SHKeyValueObserverBlocks (1.3.0)
  - SHTestCaseAdditions (1.2.1):
    - SHTestCaseAdditions/XCTest
  - SHTestCaseAdditions/SenTestingKit (1.2.1)
  - SHTestCaseAdditions/XCTest (1.2.1)

DEPENDENCIES:
  - SHFastEnumerationProtocols
  - SHKeyValueObserverBlocks
  - SHTestCaseAdditions (from `../`)
  - SHTestCaseAdditions/SenTestingKit (from `../`)

EXTERNAL SOURCES:
  SHTestCaseAdditions:
    :path: ../

SPEC CHECKSUMS:
  SHFastEnumerationProtocols: b83587ae41c1990851bcd675da01636a1b2addc8
  SHKeyValueObserverBlocks: c232e28915d19e48f55d753395b82871fc015b8c
  SHTestCaseAdditions: f8a995f1d424e7834889c11480fdaba8cbc138f8

COCOAPODS: 0.28.0
